
Microsoft Visual Studio Solution File, Format Version 12.00
# Visual Studio Version 17
VisualStudioVersion = 17.9.34622.214
MinimumVisualStudioVersion = 10.0.40219.1
Project("{FAE04EC0-301F-11D3-BF4B-00C04F79EFBC}") = "WpfApp5", "WpfApp5\WpfApp5.csproj", "{1436909D-4C01-4354-B487-B2A2B703327A}"
EndProject
Global
	GlobalSection(SolutionConfigurationPlatforms) = preSolution
		Debug|Any CPU = Debug|Any CPU
		Release|Any CPU = Release|Any CPU
	EndGlobalSection
	GlobalSection(ProjectConfigurationPlatforms) = postSolution
		{1436909D-4C01-4354-B487-B2A2B703327A}.Debug|Any CPU.ActiveCfg = Debug|Any CPU
		{1436909D-4C01-4354-B487-B2A2B703327A}.Debug|Any CPU.Build.0 = Debug|Any CPU
		{1436909D-4C01-4354-B487-B2A2B703327A}.Release|Any CPU.ActiveCfg = Release|Any CPU
		{1436909D-4C01-4354-B487-B2A2B703327A}.Release|Any CPU.Build.0 = Release|Any CPU
	EndGlobalSection
	GlobalSection(SolutionProperties) = preSolution
		HideSolutionNode = FALSE
	EndGlobalSection
	GlobalSection(ExtensibilityGlobals) = postSolution
		SolutionGuid = {141F0CB4-B591-4E66-B0B1-782A23AD1642}
	EndGlobalSection
EndGlobal
